
Microsoft Visual Studio Solution File, Format Version 12.00
# Visual Studio 2012
Project("{FAE04EC0-301F-11D3-BF4B-00C04F79EFBC}") = "qo", "qo\qo.csproj", "{A2A6B788-06CA-4A98-B915-B0DC7DA34774}"
EndProject
Global
	GlobalSection(SolutionConfigurationPlatforms) = preSolution
		Debug (Cross)|x86 = Debug (Cross)|x86
		Release (Cross)|x86 = Release (Cross)|x86
		Debug (Windows)|x86 = Debug (Windows)|x86
		Release (Windows)|x86 = Release (Windows)|x86
	EndGlobalSection
	GlobalSection(ProjectConfigurationPlatforms) = postSolution
		{A2A6B788-06CA-4A98-B915-B0DC7DA34774}.Debug (Cross)|x86.ActiveCfg = Debug (Cross)|x86
		{A2A6B788-06CA-4A98-B915-B0DC7DA34774}.Debug (Cross)|x86.Build.0 = Debug (Cross)|x86
		{A2A6B788-06CA-4A98-B915-B0DC7DA34774}.Debug (Windows)|x86.ActiveCfg = Debug (Windows)|x86
		{A2A6B788-06CA-4A98-B915-B0DC7DA34774}.Debug (Windows)|x86.Build.0 = Debug (Windows)|x86
		{A2A6B788-06CA-4A98-B915-B0DC7DA34774}.Release (Cross)|x86.ActiveCfg = Release (Cross)|x86
		{A2A6B788-06CA-4A98-B915-B0DC7DA34774}.Release (Cross)|x86.Build.0 = Release (Cross)|x86
		{A2A6B788-06CA-4A98-B915-B0DC7DA34774}.Release (Windows)|x86.ActiveCfg = Release (Windows)|x86
		{A2A6B788-06CA-4A98-B915-B0DC7DA34774}.Release (Windows)|x86.Build.0 = Release (Windows)|x86
	EndGlobalSection
EndGlobal
